// !$*UTF8*$!
{
	archiveVersion = 1;
	classes = {
	};
	objectVersion = 51;
	objects = {

/* Begin PBXBuildFile section */
		5C0A4BCD7333C4233C018D9D /* Pods_MockPushNotificationGeneratorTests.framework in Frameworks */ = {isa = PBXBuildFile; fileRef = 6E207E30E8C215CAEB8DB894 /* Pods_MockPushNotificationGeneratorTests.framework */; };
		BAF61AC02587762B00192F64 /* AppDelegate.swift in Sources */ = {isa = PBXBuildFile; fileRef = BAF61ABF2587762B00192F64 /* AppDelegate.swift */; };
		BAF61AC22587762B00192F64 /* ViewController.swift in Sources */ = {isa = PBXBuildFile; fileRef = BAF61AC12587762B00192F64 /* ViewController.swift */; };
		BAF61AC42587762C00192F64 /* Assets.xcassets in Resources */ = {isa = PBXBuildFile; fileRef = BAF61AC32587762C00192F64 /* Assets.xcassets */; };
		BAF61AC72587762C00192F64 /* Main.storyboard in Resources */ = {isa = PBXBuildFile; fileRef = BAF61AC52587762C00192F64 /* Main.storyboard */; };
		BAF61AD32587762C00192F64 /* MockPushNotificationGeneratorTests.swift in Sources */ = {isa = PBXBuildFile; fileRef = BAF61AD22587762C00192F64 /* MockPushNotificationGeneratorTests.swift */; };
		BAF61ADE258776A400192F64 /* ServerManager.swift in Sources */ = {isa = PBXBuildFile; fileRef = BAF61ADD258776A400192F64 /* ServerManager.swift */; };
		C1841EBE9EFF33BA4CD594DD /* Pods_MockPushNotificationGenerator.framework in Frameworks */ = {isa = PBXBuildFile; fileRef = 7B8215EDCCA7925338E15A14 /* Pods_MockPushNotificationGenerator.framework */; };
/* End PBXBuildFile section */

/* Begin PBXContainerItemProxy section */
		BAF61ACF2587762C00192F64 /* PBXContainerItemProxy */ = {
			isa = PBXContainerItemProxy;
			containerPortal = BAF61AB42587762B00192F64 /* Project object */;
			proxyType = 1;
			remoteGlobalIDString = BAF61ABB2587762B00192F64;
			remoteInfo = MockPushNotificationGenerator;
		};
/* End PBXContainerItemProxy section */

/* Begin PBXFileReference section */
		6E207E30E8C215CAEB8DB894 /* Pods_MockPushNotificationGeneratorTests.framework */ = {isa = PBXFileReference; explicitFileType = wrapper.framework; includeInIndex = 0; path = Pods_MockPushNotificationGeneratorTests.framework; sourceTree = BUILT_PRODUCTS_DIR; };
		71EC15935C1366AE9537F696 /* Pods-MockPushNotificationGenerator.release.xcconfig */ = {isa = PBXFileReference; includeInIndex = 1; lastKnownFileType = text.xcconfig; name = "Pods-MockPushNotificationGenerator.release.xcconfig"; path = "Target Support Files/Pods-MockPushNotificationGenerator/Pods-MockPushNotificationGenerator.release.xcconfig"; sourceTree = "<group>"; };
		7B8215EDCCA7925338E15A14 /* Pods_MockPushNotificationGenerator.framework */ = {isa = PBXFileReference; explicitFileType = wrapper.framework; includeInIndex = 0; path = Pods_MockPushNotificationGenerator.framework; sourceTree = BUILT_PRODUCTS_DIR; };
		AF3E9FF164C7322A557BBF6D /* Pods-MockPushNotificationGeneratorTests.debug.xcconfig */ = {isa = PBXFileReference; includeInIndex = 1; lastKnownFileType = text.xcconfig; name = "Pods-MockPushNotificationGeneratorTests.debug.xcconfig"; path = "Target Support Files/Pods-MockPushNotificationGeneratorTests/Pods-MockPushNotificationGeneratorTests.debug.xcconfig"; sourceTree = "<group>"; };
		BAF61ABC2587762B00192F64 /* MockPushNotificationGenerator.app */ = {isa = PBXFileReference; explicitFileType = wrapper.application; includeInIndex = 0; path = MockPushNotificationGenerator.app; sourceTree = BUILT_PRODUCTS_DIR; };
		BAF61ABF2587762B00192F64 /* AppDelegate.swift */ = {isa = PBXFileReference; lastKnownFileType = sourcecode.swift; path = AppDelegate.swift; sourceTree = "<group>"; };
		BAF61AC12587762B00192F64 /* ViewController.swift */ = {isa = PBXFileReference; lastKnownFileType = sourcecode.swift; path = ViewController.swift; sourceTree = "<group>"; };
		BAF61AC32587762C00192F64 /* Assets.xcassets */ = {isa = PBXFileReference; lastKnownFileType = folder.assetcatalog; path = Assets.xcassets; sourceTree = "<group>"; };
		BAF61AC62587762C00192F64 /* Base */ = {isa = PBXFileReference; lastKnownFileType = file.storyboard; name = Base; path = Base.lproj/Main.storyboard; sourceTree = "<group>"; };
		BAF61AC82587762C00192F64 /* Info.plist */ = {isa = PBXFileReference; lastKnownFileType = text.plist.xml; path = Info.plist; sourceTree = "<group>"; };
		BAF61AC92587762C00192F64 /* MockPushNotificationGenerator.entitlements */ = {isa = PBXFileReference; lastKnownFileType = text.plist.entitlements; path = MockPushNotificationGenerator.entitlements; sourceTree = "<group>"; };
		BAF61ACE2587762C00192F64 /* MockPushNotificationGeneratorTests.xctest */ = {isa = PBXFileReference; explicitFileType = wrapper.cfbundle; includeInIndex = 0; path = MockPushNotificationGeneratorTests.xctest; sourceTree = BUILT_PRODUCTS_DIR; };
		BAF61AD22587762C00192F64 /* MockPushNotificationGeneratorTests.swift */ = {isa = PBXFileReference; lastKnownFileType = sourcecode.swift; path = MockPushNotificationGeneratorTests.swift; sourceTree = "<group>"; };
		BAF61AD42587762C00192F64 /* Info.plist */ = {isa = PBXFileReference; lastKnownFileType = text.plist.xml; path = Info.plist; sourceTree = "<group>"; };
		BAF61ADD258776A400192F64 /* ServerManager.swift */ = {isa = PBXFileReference; lastKnownFileType = sourcecode.swift; path = ServerManager.swift; sourceTree = "<group>"; };
		DD19EC4A0977DED825DC21A2 /* Pods-MockPushNotificationGenerator.debug.xcconfig */ = {isa = PBXFileReference; includeInIndex = 1; lastKnownFileType = text.xcconfig; name = "Pods-MockPushNotificationGenerator.debug.xcconfig"; path = "Target Support Files/Pods-MockPushNotificationGenerator/Pods-MockPushNotificationGenerator.debug.xcconfig"; sourceTree = "<group>"; };
		EC43EA46A683902304969E2F /* Pods-MockPushNotificationGeneratorTests.release.xcconfig */ = {isa = PBXFileReference; includeInIndex = 1; lastKnownFileType = text.xcconfig; name = "Pods-MockPushNotificationGeneratorTests.release.xcconfig"; path = "Target Support Files/Pods-MockPushNotificationGeneratorTests/Pods-MockPushNotificationGeneratorTests.release.xcconfig"; sourceTree = "<group>"; };
/* End PBXFileReference section */

/* Begin PBXFrameworksBuildPhase section */
		BAF61AB92587762B00192F64 /* Frameworks */ = {
			isa = PBXFrameworksBuildPhase;
			buildActionMask = 2147483647;
			files = (
				C1841EBE9EFF33BA4CD594DD /* Pods_MockPushNotificationGenerator.framework in Frameworks */,
			);
			runOnlyForDeploymentPostprocessing = 0;
		};
		BAF61ACB2587762C00192F64 /* Frameworks */ = {
			isa = PBXFrameworksBuildPhase;
			buildActionMask = 2147483647;
			files = (
				5C0A4BCD7333C4233C018D9D /* Pods_MockPushNotificationGeneratorTests.framework in Frameworks */,
			);
			runOnlyForDeploymentPostprocessing = 0;
		};
/* End PBXFrameworksBuildPhase section */

/* Begin PBXGroup section */
		1A62AEB74CA7B3659EDF555A /* Pods */ = {
			isa = PBXGroup;
			children = (
				DD19EC4A0977DED825DC21A2 /* Pods-MockPushNotificationGenerator.debug.xcconfig */,
				71EC15935C1366AE9537F696 /* Pods-MockPushNotificationGenerator.release.xcconfig */,
				AF3E9FF164C7322A557BBF6D /* Pods-MockPushNotificationGeneratorTests.debug.xcconfig */,
				EC43EA46A683902304969E2F /* Pods-MockPushNotificationGeneratorTests.release.xcconfig */,
			);
			path = Pods;
			sourceTree = "<group>";
		};
		BAF61AB32587762B00192F64 = {
			isa = PBXGroup;
			children = (
				BAF61ABE2587762B00192F64 /* MockPushNotificationGenerator */,
				BAF61AD12587762C00192F64 /* MockPushNotificationGeneratorTests */,
				BAF61ABD2587762B00192F64 /* Products */,
				1A62AEB74CA7B3659EDF555A /* Pods */,
				BB3B378D5D8CEF0778460E4C /* Frameworks */,
			);
			sourceTree = "<group>";
		};
		BAF61ABD2587762B00192F64 /* Products */ = {
			isa = PBXGroup;
			children = (
				BAF61ABC2587762B00192F64 /* MockPushNotificationGenerator.app */,
				BAF61ACE2587762C00192F64 /* MockPushNotificationGeneratorTests.xctest */,
			);
			name = Products;
			sourceTree = "<group>";
		};
		BAF61ABE2587762B00192F64 /* MockPushNotificationGenerator */ = {
			isa = PBXGroup;
			children = (
				BAF61ABF2587762B00192F64 /* AppDelegate.swift */,
				BAF61AC12587762B00192F64 /* ViewController.swift */,
				BAF61AC32587762C00192F64 /* Assets.xcassets */,
				BAF61AC52587762C00192F64 /* Main.storyboard */,
				BAF61AC82587762C00192F64 /* Info.plist */,
				BAF61AC92587762C00192F64 /* MockPushNotificationGenerator.entitlements */,
				BAF61ADD258776A400192F64 /* ServerManager.swift */,
			);
			path = MockPushNotificationGenerator;
			sourceTree = "<group>";
		};
		BAF61AD12587762C00192F64 /* MockPushNotificationGeneratorTests */ = {
			isa = PBXGroup;
			children = (
				BAF61AD22587762C00192F64 /* MockPushNotificationGeneratorTests.swift */,
				BAF61AD42587762C00192F64 /* Info.plist */,
			);
			path = MockPushNotificationGeneratorTests;
			sourceTree = "<group>";
		};
		BB3B378D5D8CEF0778460E4C /* Frameworks */ = {
			isa = PBXGroup;
			children = (
				7B8215EDCCA7925338E15A14 /* Pods_MockPushNotificationGenerator.framework */,
				6E207E30E8C215CAEB8DB894 /* Pods_MockPushNotificationGeneratorTests.framework */,
			);
			name = Frameworks;
			sourceTree = "<group>";
		};
/* End PBXGroup section */

/* Begin PBXNativeTarget section */
		BAF61ABB2587762B00192F64 /* MockPushNotificationGenerator */ = {
			isa = PBXNativeTarget;
			buildConfigurationList = BAF61AD72587762C00192F64 /* Build configuration list for PBXNativeTarget "MockPushNotificationGenerator" */;
			buildPhases = (
				35EBF37DAC9C332C62333F3B /* [CP] Check Pods Manifest.lock */,
				BAF61AB82587762B00192F64 /* Sources */,
				BAF61AB92587762B00192F64 /* Frameworks */,
				BAF61ABA2587762B00192F64 /* Resources */,
				D5312FE1C7D266307F82D42B /* [CP] Embed Pods Frameworks */,
				BAF61ADF258779DB00192F64 /* ShellScript */,
			);
			buildRules = (
			);
			dependencies = (
			);
			name = MockPushNotificationGenerator;
			productName = MockPushNotificationGenerator;
			productReference = BAF61ABC2587762B00192F64 /* MockPushNotificationGenerator.app */;
			productType = "com.apple.product-type.application";
		};
		BAF61ACD2587762C00192F64 /* MockPushNotificationGeneratorTests */ = {
			isa = PBXNativeTarget;
			buildConfigurationList = BAF61ADA2587762C00192F64 /* Build configuration list for PBXNativeTarget "MockPushNotificationGeneratorTests" */;
			buildPhases = (
				F11E2D3A4FB12C6FE7829976 /* [CP] Check Pods Manifest.lock */,
				BAF61ACA2587762C00192F64 /* Sources */,
				BAF61ACB2587762C00192F64 /* Frameworks */,
				BAF61ACC2587762C00192F64 /* Resources */,
			);
			buildRules = (
			);
			dependencies = (
				BAF61AD02587762C00192F64 /* PBXTargetDependency */,
			);
			name = MockPushNotificationGeneratorTests;
			productName = MockPushNotificationGeneratorTests;
			productReference = BAF61ACE2587762C00192F64 /* MockPushNotificationGeneratorTests.xctest */;
			productType = "com.apple.product-type.bundle.unit-test";
		};
/* End PBXNativeTarget section */

/* Begin PBXProject section */
		BAF61AB42587762B00192F64 /* Project object */ = {
			isa = PBXProject;
			attributes = {
				LastSwiftUpdateCheck = 1170;
				LastUpgradeCheck = 1170;
				ORGANIZATIONNAME = "Koushik Karmakar";
				TargetAttributes = {
					BAF61ABB2587762B00192F64 = {
						CreatedOnToolsVersion = 11.7;
					};
					BAF61ACD2587762C00192F64 = {
						CreatedOnToolsVersion = 11.7;
						TestTargetID = BAF61ABB2587762B00192F64;
					};
				};
			};
			buildConfigurationList = BAF61AB72587762B00192F64 /* Build configuration list for PBXProject "MockPushNotificationGenerator" */;
			compatibilityVersion = "Xcode 9.3";
			developmentRegion = en;
			hasScannedForEncodings = 0;
			knownRegions = (
				en,
				Base,
			);
			mainGroup = BAF61AB32587762B00192F64;
			productRefGroup = BAF61ABD2587762B00192F64 /* Products */;
			projectDirPath = "";
			projectRoot = "";
			targets = (
				BAF61ABB2587762B00192F64 /* MockPushNotificationGenerator */,
				BAF61ACD2587762C00192F64 /* MockPushNotificationGeneratorTests */,
			);
		};
/* End PBXProject section */

/* Begin PBXResourcesBuildPhase section */
		BAF61ABA2587762B00192F64 /* Resources */ = {
			isa = PBXResourcesBuildPhase;
			buildActionMask = 2147483647;
			files = (
				BAF61AC42587762C00192F64 /* Assets.xcassets in Resources */,
				BAF61AC72587762C00192F64 /* Main.storyboard in Resources */,
			);
			runOnlyForDeploymentPostprocessing = 0;
		};
		BAF61ACC2587762C00192F64 /* Resources */ = {
			isa = PBXResourcesBuildPhase;
			buildActionMask = 2147483647;
			files = (
			);
			runOnlyForDeploymentPostprocessing = 0;
		};
/* End PBXResourcesBuildPhase section */

/* Begin PBXShellScriptBuildPhase section */
		35EBF37DAC9C332C62333F3B /* [CP] Check Pods Manifest.lock */ = {
			isa = PBXShellScriptBuildPhase;
			buildActionMask = 2147483647;
			files = (
			);
			inputFileListPaths = (
			);
			inputPaths = (
				"${PODS_PODFILE_DIR_PATH}/Podfile.lock",
				"${PODS_ROOT}/Manifest.lock",
			);
			name = "[CP] Check Pods Manifest.lock";
			outputFileListPaths = (
			);
			outputPaths = (
				"$(DERIVED_FILE_DIR)/Pods-MockPushNotificationGenerator-checkManifestLockResult.txt",
			);
			runOnlyForDeploymentPostprocessing = 0;
			shellPath = /bin/sh;
			shellScript = "diff \"${PODS_PODFILE_DIR_PATH}/Podfile.lock\" \"${PODS_ROOT}/Manifest.lock\" > /dev/null\nif [ $? != 0 ] ; then\n    # print error to STDERR\n    echo \"error: The sandbox is not in sync with the Podfile.lock. Run 'pod install' or update your CocoaPods installation.\" >&2\n    exit 1\nfi\n# This output is used by Xcode 'outputs' to avoid re-running this script phase.\necho \"SUCCESS\" > \"${SCRIPT_OUTPUT_FILE_0}\"\n";
			showEnvVarsInLog = 0;
		};
		BAF61ADF258779DB00192F64 /* ShellScript */ = {
			isa = PBXShellScriptBuildPhase;
			buildActionMask = 2147483647;
			files = (
			);
			inputFileListPaths = (
			);
			inputPaths = (
			);
			outputFileListPaths = (
			);
			outputPaths = (
			);
			runOnlyForDeploymentPostprocessing = 0;
			shellPath = /bin/sh;
			shellScript = "# Type a script or drag a script file from your workspace to insert its path.\nif which \"${PODS_ROOT}/SwiftLint/swiftlint\" --config .swiflint.yml >/dev/null; then\n    ${PODS_ROOT}/SwiftLint/swiftlint\nelse\n    echo \"warning: SwiftLint not installed, download from https://github.com/realm/SwiftLint\"\nfi\n";
		};
		D5312FE1C7D266307F82D42B /* [CP] Embed Pods Frameworks */ = {
			isa = PBXShellScriptBuildPhase;
			buildActionMask = 2147483647;
			files = (
			);
			inputFileListPaths = (
				"${PODS_ROOT}/Target Support Files/Pods-MockPushNotificationGenerator/Pods-MockPushNotificationGenerator-frameworks-${CONFIGURATION}-input-files.xcfilelist",
			);
			name = "[CP] Embed Pods Frameworks";
			outputFileListPaths = (
				"${PODS_ROOT}/Target Support Files/Pods-MockPushNotificationGenerator/Pods-MockPushNotificationGenerator-frameworks-${CONFIGURATION}-output-files.xcfilelist",
			);
			runOnlyForDeploymentPostprocessing = 0;
			shellPath = /bin/sh;
			shellScript = "\"${PODS_ROOT}/Target Support Files/Pods-MockPushNotificationGenerator/Pods-MockPushNotificationGenerator-frameworks.sh\"\n";
			showEnvVarsInLog = 0;
		};
		F11E2D3A4FB12C6FE7829976 /* [CP] Check Pods Manifest.lock */ = {
			isa = PBXShellScriptBuildPhase;
			buildActionMask = 2147483647;
			files = (
			);
			inputFileListPaths = (
			);
			inputPaths = (
				"${PODS_PODFILE_DIR_PATH}/Podfile.lock",
				"${PODS_ROOT}/Manifest.lock",
			);
			name = "[CP] Check Pods Manifest.lock";
			outputFileListPaths = (
			);
			outputPaths = (
				"$(DERIVED_FILE_DIR)/Pods-MockPushNotificationGeneratorTests-checkManifestLockResult.txt",
			);
			runOnlyForDeploymentPostprocessing = 0;
			shellPath = /bin/sh;
			shellScript = "diff \"${PODS_PODFILE_DIR_PATH}/Podfile.lock\" \"${PODS_ROOT}/Manifest.lock\" > /dev/null\nif [ $? != 0 ] ; then\n    # print error to STDERR\n    echo \"error: The sandbox is not in sync with the Podfile.lock. Run 'pod install' or update your CocoaPods installation.\" >&2\n    exit 1\nfi\n# This output is used by Xcode 'outputs' to avoid re-running this script phase.\necho \"SUCCESS\" > \"${SCRIPT_OUTPUT_FILE_0}\"\n";
			showEnvVarsInLog = 0;
		};
/* End PBXShellScriptBuildPhase section */

/* Begin PBXSourcesBuildPhase section */
		BAF61AB82587762B00192F64 /* Sources */ = {
			isa = PBXSourcesBuildPhase;
			buildActionMask = 2147483647;
			files = (
				BAF61AC22587762B00192F64 /* ViewController.swift in Sources */,
				BAF61ADE258776A400192F64 /* ServerManager.swift in Sources */,
				BAF61AC02587762B00192F64 /* AppDelegate.swift in Sources */,
			);
			runOnlyForDeploymentPostprocessing = 0;
		};
		BAF61ACA2587762C00192F64 /* Sources */ = {
			isa = PBXSourcesBuildPhase;
			buildActionMask = 2147483647;
			files = (
				BAF61AD32587762C00192F64 /* MockPushNotificationGeneratorTests.swift in Sources */,
			);
			runOnlyForDeploymentPostprocessing = 0;
		};
/* End PBXSourcesBuildPhase section */

/* Begin PBXTargetDependency section */
		BAF61AD02587762C00192F64 /* PBXTargetDependency */ = {
			isa = PBXTargetDependency;
			target = BAF61ABB2587762B00192F64 /* MockPushNotificationGenerator */;
			targetProxy = BAF61ACF2587762C00192F64 /* PBXContainerItemProxy */;
		};
/* End PBXTargetDependency section */

/* Begin PBXVariantGroup section */
		BAF61AC52587762C00192F64 /* Main.storyboard */ = {
			isa = PBXVariantGroup;
			children = (
				BAF61AC62587762C00192F64 /* Base */,
			);
			name = Main.storyboard;
			sourceTree = "<group>";
		};
/* End PBXVariantGroup section */

/* Begin XCBuildConfiguration section */
		BAF61AD52587762C00192F64 /* Debug */ = {
			isa = XCBuildConfiguration;
			buildSettings = {
				ALWAYS_SEARCH_USER_PATHS = NO;
				CLANG_ANALYZER_NONNULL = YES;
				CLANG_ANALYZER_NUMBER_OBJECT_CONVERSION = YES_AGGRESSIVE;
				CLANG_CXX_LANGUAGE_STANDARD = "gnu++14";
				CLANG_CXX_LIBRARY = "libc++";
				CLANG_ENABLE_MODULES = YES;
				CLANG_ENABLE_OBJC_ARC = YES;
				CLANG_ENABLE_OBJC_WEAK = YES;
				CLANG_WARN_BLOCK_CAPTURE_AUTORELEASING = YES;
				CLANG_WARN_BOOL_CONVERSION = YES;
				CLANG_WARN_COMMA = YES;
				CLANG_WARN_CONSTANT_CONVERSION = YES;
				CLANG_WARN_DEPRECATED_OBJC_IMPLEMENTATIONS = YES;
				CLANG_WARN_DIRECT_OBJC_ISA_USAGE = YES_ERROR;
				CLANG_WARN_DOCUMENTATION_COMMENTS = YES;
				CLANG_WARN_EMPTY_BODY = YES;
				CLANG_WARN_ENUM_CONVERSION = YES;
				CLANG_WARN_INFINITE_RECURSION = YES;
				CLANG_WARN_INT_CONVERSION = YES;
				CLANG_WARN_NON_LITERAL_NULL_CONVERSION = YES;
				CLANG_WARN_OBJC_IMPLICIT_RETAIN_SELF = YES;
				CLANG_WARN_OBJC_LITERAL_CONVERSION = YES;
				CLANG_WARN_OBJC_ROOT_CLASS = YES_ERROR;
				CLANG_WARN_RANGE_LOOP_ANALYSIS = YES;
				CLANG_WARN_STRICT_PROTOTYPES = YES;
				CLANG_WARN_SUSPICIOUS_MOVE = YES;
				CLANG_WARN_UNGUARDED_AVAILABILITY = YES_AGGRESSIVE;
				CLANG_WARN_UNREACHABLE_CODE = YES;
				CLANG_WARN__DUPLICATE_METHOD_MATCH = YES;
				COPY_PHASE_STRIP = NO;
				DEBUG_INFORMATION_FORMAT = dwarf;
				ENABLE_STRICT_OBJC_MSGSEND = YES;
				ENABLE_TESTABILITY = YES;
				GCC_C_LANGUAGE_STANDARD = gnu11;
				GCC_DYNAMIC_NO_PIC = NO;
				GCC_NO_COMMON_BLOCKS = YES;
				GCC_OPTIMIZATION_LEVEL = 0;
				GCC_PREPROCESSOR_DEFINITIONS = (
					"DEBUG=1",
					"$(inherited)",
				);
				GCC_WARN_64_TO_32_BIT_CONVERSION = YES;
				GCC_WARN_ABOUT_RETURN_TYPE = YES_ERROR;
				GCC_WARN_UNDECLARED_SELECTOR = YES;
				GCC_WARN_UNINITIALIZED_AUTOS = YES_AGGRESSIVE;
				GCC_WARN_UNUSED_FUNCTION = YES;
				GCC_WARN_UNUSED_VARIABLE = YES;
				MACOSX_DEPLOYMENT_TARGET = 10.15;
				MTL_ENABLE_DEBUG_INFO = INCLUDE_SOURCE;
				MTL_FAST_MATH = YES;
				ONLY_ACTIVE_ARCH = YES;
				SDKROOT = macosx;
				SWIFT_ACTIVE_COMPILATION_CONDITIONS = DEBUG;
				SWIFT_OPTIMIZATION_LEVEL = "-Onone";
			};
			name = Debug;
		};
		BAF61AD62587762C00192F64 /* Release */ = {
			isa = XCBuildConfiguration;
			buildSettings = {
				ALWAYS_SEARCH_USER_PATHS = NO;
				CLANG_ANALYZER_NONNULL = YES;
				CLANG_ANALYZER_NUMBER_OBJECT_CONVERSION = YES_AGGRESSIVE;
				CLANG_CXX_LANGUAGE_STANDARD = "gnu++14";
				CLANG_CXX_LIBRARY = "libc++";
				CLANG_ENABLE_MODULES = YES;
				CLANG_ENABLE_OBJC_ARC = YES;
				CLANG_ENABLE_OBJC_WEAK = YES;
				CLANG_WARN_BLOCK_CAPTURE_AUTORELEASING = YES;
				CLANG_WARN_BOOL_CONVERSION = YES;
				CLANG_WARN_COMMA = YES;
				CLANG_WARN_CONSTANT_CONVERSION = YES;
				CLANG_WARN_DEPRECATED_OBJC_IMPLEMENTATIONS = YES;
				CLANG_WARN_DIRECT_OBJC_ISA_USAGE = YES_ERROR;
				CLANG_WARN_DOCUMENTATION_COMMENTS = YES;
				CLANG_WARN_EMPTY_BODY = YES;
				CLANG_WARN_ENUM_CONVERSION = YES;
				CLANG_WARN_INFINITE_RECURSION = YES;
				CLANG_WARN_INT_CONVERSION = YES;
				CLANG_WARN_NON_LITERAL_NULL_CONVERSION = YES;
				CLANG_WARN_OBJC_IMPLICIT_RETAIN_SELF = YES;
				CLANG_WARN_OBJC_LITERAL_CONVERSION = YES;
				CLANG_WARN_OBJC_ROOT_CLASS = YES_ERROR;
				CLANG_WARN_RANGE_LOOP_ANALYSIS = YES;
				CLANG_WARN_STRICT_PROTOTYPES = YES;
				CLANG_WARN_SUSPICIOUS_MOVE = YES;
				CLANG_WARN_UNGUARDED_AVAILABILITY = YES_AGGRESSIVE;
				CLANG_WARN_UNREACHABLE_CODE = YES;
				CLANG_WARN__DUPLICATE_METHOD_MATCH = YES;
				COPY_PHASE_STRIP = NO;
				DEBUG_INFORMATION_FORMAT = "dwarf-with-dsym";
				ENABLE_NS_ASSERTIONS = NO;
				ENABLE_STRICT_OBJC_MSGSEND = YES;
				GCC_C_LANGUAGE_STANDARD = gnu11;
				GCC_NO_COMMON_BLOCKS = YES;
				GCC_WARN_64_TO_32_BIT_CONVERSION = YES;
				GCC_WARN_ABOUT_RETURN_TYPE = YES_ERROR;
				GCC_WARN_UNDECLARED_SELECTOR = YES;
				GCC_WARN_UNINITIALIZED_AUTOS = YES_AGGRESSIVE;
				GCC_WARN_UNUSED_FUNCTION = YES;
				GCC_WARN_UNUSED_VARIABLE = YES;
				MACOSX_DEPLOYMENT_TARGET = 10.15;
				MTL_ENABLE_DEBUG_INFO = NO;
				MTL_FAST_MATH = YES;
				SDKROOT = macosx;
				SWIFT_COMPILATION_MODE = wholemodule;
				SWIFT_OPTIMIZATION_LEVEL = "-O";
			};
			name = Release;
		};
		BAF61AD82587762C00192F64 /* Debug */ = {
			isa = XCBuildConfiguration;
			baseConfigurationReference = DD19EC4A0977DED825DC21A2 /* Pods-MockPushNotificationGenerator.debug.xcconfig */;
			buildSettings = {
				ASSETCATALOG_COMPILER_APPICON_NAME = AppIcon;
				CODE_SIGN_ENTITLEMENTS = MockPushNotificationGenerator/MockPushNotificationGenerator.entitlements;
				CODE_SIGN_IDENTITY = "-";
				CODE_SIGN_STYLE = Manual;
				COMBINE_HIDPI_IMAGES = YES;
				DEVELOPMENT_TEAM = "";
				ENABLE_HARDENED_RUNTIME = YES;
				INFOPLIST_FILE = MockPushNotificationGenerator/Info.plist;
				LD_RUNPATH_SEARCH_PATHS = (
					"$(inherited)",
					"@executable_path/../Frameworks",
				);
				PRODUCT_BUNDLE_IDENTIFIER = org.koushik.MockApplePushNotificationGenerator;
				PRODUCT_NAME = "$(TARGET_NAME)";
				PROVISIONING_PROFILE_SPECIFIER = "";
				SWIFT_VERSION = 5.0;
			};
			name = Debug;
		};
		BAF61AD92587762C00192F64 /* Release */ = {
			isa = XCBuildConfiguration;
			baseConfigurationReference = 71EC15935C1366AE9537F696 /* Pods-MockPushNotificationGenerator.release.xcconfig */;
			buildSettings = {
				ASSETCATALOG_COMPILER_APPICON_NAME = AppIcon;
				CODE_SIGN_ENTITLEMENTS = MockPushNotificationGenerator/MockPushNotificationGenerator.entitlements;
				CODE_SIGN_IDENTITY = "-";
				CODE_SIGN_STYLE = Manual;
				COMBINE_HIDPI_IMAGES = YES;
				DEVELOPMENT_TEAM = "";
				ENABLE_HARDENED_RUNTIME = YES;
				INFOPLIST_FILE = MockPushNotificationGenerator/Info.plist;
				LD_RUNPATH_SEARCH_PATHS = (
					"$(inherited)",
					"@executable_path/../Frameworks",
				);
				PRODUCT_BUNDLE_IDENTIFIER = org.koushik.MockApplePushNotificationGenerator;
				PRODUCT_NAME = "$(TARGET_NAME)";
				PROVISIONING_PROFILE_SPECIFIER = "";
				SWIFT_VERSION = 5.0;
			};
			name = Release;
		};
		BAF61ADB2587762C00192F64 /* Debug */ = {
			isa = XCBuildConfiguration;
			baseConfigurationReference = AF3E9FF164C7322A557BBF6D /* Pods-MockPushNotificationGeneratorTests.debug.xcconfig */;
			buildSettings = {
				ALWAYS_EMBED_SWIFT_STANDARD_LIBRARIES = YES;
				BUNDLE_LOADER = "$(TEST_HOST)";
				CODE_SIGN_STYLE = Manual;
				COMBINE_HIDPI_IMAGES = YES;
				DEVELOPMENT_TEAM = "";
				INFOPLIST_FILE = MockPushNotificationGeneratorTests/Info.plist;
				LD_RUNPATH_SEARCH_PATHS = (
					"$(inherited)",
					"@executable_path/../Frameworks",
					"@loader_path/../Frameworks",
				);
				MACOSX_DEPLOYMENT_TARGET = 10.15;
				PRODUCT_BUNDLE_IDENTIFIER = org.koushik.mockpnserver.MockPushNotificationGeneratorTests;
				PRODUCT_NAME = "$(TARGET_NAME)";
				PROVISIONING_PROFILE_SPECIFIER = "";
				SWIFT_VERSION = 5.0;
				TEST_HOST = "$(BUILT_PRODUCTS_DIR)/MockPushNotificationGenerator.app/Contents/MacOS/MockPushNotificationGenerator";
			};
			name = Debug;
		};
		BAF61ADC2587762C00192F64 /* Release */ = {
			isa = XCBuildConfiguration;
			baseConfigurationReference = EC43EA46A683902304969E2F /* Pods-MockPushNotificationGeneratorTests.release.xcconfig */;
			buildSettings = {
				ALWAYS_EMBED_SWIFT_STANDARD_LIBRARIES = YES;
				BUNDLE_LOADER = "$(TEST_HOST)";
				CODE_SIGN_STYLE = Manual;
				COMBINE_HIDPI_IMAGES = YES;
				DEVELOPMENT_TEAM = "";
				INFOPLIST_FILE = MockPushNotificationGeneratorTests/Info.plist;
				LD_RUNPATH_SEARCH_PATHS = (
					"$(inherited)",
					"@executable_path/../Frameworks",
					"@loader_path/../Frameworks",
				);
				MACOSX_DEPLOYMENT_TARGET = 10.15;
				PRODUCT_BUNDLE_IDENTIFIER = org.koushik.mockpnserver.MockPushNotificationGeneratorTests;
				PRODUCT_NAME = "$(TARGET_NAME)";
				PROVISIONING_PROFILE_SPECIFIER = "";
				SWIFT_VERSION = 5.0;
				TEST_HOST = "$(BUILT_PRODUCTS_DIR)/MockPushNotificationGenerator.app/Contents/MacOS/MockPushNotificationGenerator";
			};
			name = Release;
		};
/* End XCBuildConfiguration section */

/* Begin XCConfigurationList section */
		BAF61AB72587762B00192F64 /* Build configuration list for PBXProject "MockPushNotificationGenerator" */ = {
			isa = XCConfigurationList;
			buildConfigurations = (
				BAF61AD52587762C00192F64 /* Debug */,
				BAF61AD62587762C00192F64 /* Release */,
			);
			defaultConfigurationIsVisible = 0;
			defaultConfigurationName = Release;
		};
		BAF61AD72587762C00192F64 /* Build configuration list for PBXNativeTarget "MockPushNotificationGenerator" */ = {
			isa = XCConfigurationList;
			buildConfigurations = (
				BAF61AD82587762C00192F64 /* Debug */,
				BAF61AD92587762C00192F64 /* Release */,
			);
			defaultConfigurationIsVisible = 0;
			defaultConfigurationName = Release;
		};
		BAF61ADA2587762C00192F64 /* Build configuration list for PBXNativeTarget "MockPushNotificationGeneratorTests" */ = {
			isa = XCConfigurationList;
			buildConfigurations = (
				BAF61ADB2587762C00192F64 /* Debug */,
				BAF61ADC2587762C00192F64 /* Release */,
			);
			defaultConfigurationIsVisible = 0;
			defaultConfigurationName = Release;
		};
/* End XCConfigurationList section */
	};
	rootObject = BAF61AB42587762B00192F64 /* Project object */;
}
